
Microsoft Visual Studio Solution File, Format Version 12.00
# Visual Studio Version 16
VisualStudioVersion = 16.0.32126.315
MinimumVisualStudioVersion = 10.0.40219.1
Project("{888888A0-9F3D-457C-B088-3A5042F75D52}") = "CIS 427 P3 client", "CIS 427 P3 client\CIS 427 P3 client.pyproj", "{0BA87584-D4BA-4E1F-96EF-81D21EF4AB56}"
EndProject
Global
	GlobalSection(SolutionConfigurationPlatforms) = preSolution
		Debug|Any CPU = Debug|Any CPU
		Release|Any CPU = Release|Any CPU
	EndGlobalSection
	GlobalSection(ProjectConfigurationPlatforms) = postSolution
		{0BA87584-D4BA-4E1F-96EF-81D21EF4AB56}.Debug|Any CPU.ActiveCfg = Debug|Any CPU
		{0BA87584-D4BA-4E1F-96EF-81D21EF4AB56}.Release|Any CPU.ActiveCfg = Release|Any CPU
	EndGlobalSection
	GlobalSection(SolutionProperties) = preSolution
		HideSolutionNode = FALSE
	EndGlobalSection
	GlobalSection(ExtensibilityGlobals) = postSolution
		SolutionGuid = {DE0B10CF-AD29-4535-843F-707B0F184158}
	EndGlobalSection
EndGlobal
